
Microsoft Visual Studio Solution File, Format Version 11.00
# Visual Studio 2010
Project("{2150E333-8FDC-42A3-9474-1A3956D46DE8}") = "Tests", "Tests", "{DECCCF77-91AC-4759-9B42-AD5D72496990}"
EndProject
Project("{2150E333-8FDC-42A3-9474-1A3956D46DE8}") = "Debugger", "Debugger", "{950B8E62-DD5C-4084-B4C2-42B3BAEBC001}"
EndProject
Project("{2150E333-8FDC-42A3-9474-1A3956D46DE8}") = "Frameworks", "Frameworks", "{228395CA-7F86-451E-B8B7-8415EEB77AD7}"
EndProject
Project("{2150E333-8FDC-42A3-9474-1A3956D46DE8}") = "Languages", "Languages", "{8E77EF12-1E3A-4BF1-A01A-B7E35F68E7F1}"
EndProject
Project("{FAE04EC0-301F-11D3-BF4B-00C04F79EFBC}") = "CodeEditor.Languages.Common", "src\Languages\CodeEditor.Languages.Common\CodeEditor.Languages.Common.csproj", "{80FD90AA-4188-4D81-AB31-6CDF792A84FA}"
EndProject
Project("{FAE04EC0-301F-11D3-BF4B-00C04F79EFBC}") = "CodeEditor.Languages.CSharp", "src\Languages\CodeEditor.Languages.CSharp\CodeEditor.Languages.CSharp.csproj", "{81C749CC-09BF-4F72-B9C7-93D8446360DF}"
EndProject
Project("{FAE04EC0-301F-11D3-BF4B-00C04F79EFBC}") = "CodeEditor.Languages.UnityScript", "src\Languages\CodeEditor.Languages.UnityScript\CodeEditor.Languages.UnityScript.csproj", "{6EBD7F15-9B34-49BA-B50B-1AC51527D085}"
EndProject
Project("{FAE04EC0-301F-11D3-BF4B-00C04F79EFBC}") = "CodeEditor.Languages.Boo", "src\Languages\CodeEditor.Languages.Boo\CodeEditor.Languages.Boo.csproj", "{07D07B75-A60C-4063-8A0B-5A2F3C84490F}"
EndProject
Project("{FAE04EC0-301F-11D3-BF4B-00C04F79EFBC}") = "CodeEditor.Text.Data", "src\Text\CodeEditor.Text.Data\CodeEditor.Text.Data.csproj", "{A6107081-C1F6-4B9C-AFED-2BE0AB8E5BAF}"
EndProject
Project("{FAE04EC0-301F-11D3-BF4B-00C04F79EFBC}") = "CodeEditor.Text.Logic", "src\Text\CodeEditor.Text.Logic\CodeEditor.Text.Logic.csproj", "{E563745A-460A-4FBF-A72B-B2D4492A9716}"
EndProject
Project("{FAE04EC0-301F-11D3-BF4B-00C04F79EFBC}") = "CodeEditor.Text.UI", "src\Text\CodeEditor.Text.UI\CodeEditor.Text.UI.csproj", "{6A91E197-9142-40C7-8C24-A75E8709E26D}"
EndProject
Project("{FAE04EC0-301F-11D3-BF4B-00C04F79EFBC}") = "CodeEditor.Text.UI.Console", "src\Text\CodeEditor.Text.UI.Console\CodeEditor.Text.UI.Console.csproj", "{5D6AABD6-B4E6-4D84-96E1-A9DD15F874A8}"
EndProject
Project("{FAE04EC0-301F-11D3-BF4B-00C04F79EFBC}") = "CodeEditor.Text.UI.Unity.Engine", "src\Text\CodeEditor.Text.UI.Unity.Engine\CodeEditor.Text.UI.Unity.Engine.csproj", "{C290F98D-894E-4878-AE4A-D1E83DA95619}"
EndProject
Project("{FAE04EC0-301F-11D3-BF4B-00C04F79EFBC}") = "CodeEditor.Text.UI.Unity.Editor", "src\Text\CodeEditor.Text.UI.Unity.Editor\CodeEditor.Text.UI.Unity.Editor.csproj", "{B339EC21-C05C-4350-A62B-7126C82541AF}"
EndProject
Project("{FAE04EC0-301F-11D3-BF4B-00C04F79EFBC}") = "CodeEditor.Debugger", "src\Debugger\Debugger\CodeEditor.Debugger.csproj", "{6441A270-0DF3-42C9-9409-02BC273507DA}"
EndProject
Project("{FAE04EC0-301F-11D3-BF4B-00C04F79EFBC}") = "CodeEditor.Debugger.Console", "src\Debugger\Console\CodeEditor.Debugger.Console.csproj", "{36C4B51C-F8C9-44EB-832E-82E14FA63499}"
EndProject
Project("{FAE04EC0-301F-11D3-BF4B-00C04F79EFBC}") = "CodeEditor.Debugger.Unity.Engine", "src\Debugger\Unity\Engine\CodeEditor.Debugger.Unity.Engine.csproj", "{0E6DFD1C-426E-4F74-AD5B-D908458B3D7B}"
EndProject
Project("{FAE04EC0-301F-11D3-BF4B-00C04F79EFBC}") = "CodeEditor.Debugger.Unity.EditorIntegration", "src\Debugger\Unity\EditorIntegration\CodeEditor.Debugger.Unity.EditorIntegration.csproj", "{E7D6952B-DC82-4D01-BFA6-D6BA4A65CEB2}"
EndProject
Project("{FAE04EC0-301F-11D3-BF4B-00C04F79EFBC}") = "CodeEditor.Debugger.Unity.Standalone", "src\Debugger\Unity\Standalone\CodeEditor.Debugger.Unity.Standalone.csproj", "{05848CF0-F1ED-4806-8A06-62B7AD048BE7}"
	ProjectSection(ProjectDependencies) = postProject
		{0E6DFD1C-426E-4F74-AD5B-D908458B3D7B} = {0E6DFD1C-426E-4F74-AD5B-D908458B3D7B}
		{6441A270-0DF3-42C9-9409-02BC273507DA} = {6441A270-0DF3-42C9-9409-02BC273507DA}
		{F2D07F82-9C51-4889-8987-4CEF47490751} = {F2D07F82-9C51-4889-8987-4CEF47490751}
		{F3B4F98B-CC7D-4E3F-A8B6-FEA8E8C4A078} = {F3B4F98B-CC7D-4E3F-A8B6-FEA8E8C4A078}
		{9DB8BFD3-06C8-4A8C-8842-5931B924B56C} = {9DB8BFD3-06C8-4A8C-8842-5931B924B56C}
	EndProjectSection
EndProject
Project("{FAE04EC0-301F-11D3-BF4B-00C04F79EFBC}") = "CodeEditor.Debugger.Unity.Standalone.Dependencies", "src\Debugger\Unity\Standalone.Dependencies\CodeEditor.Debugger.Unity.Standalone.Dependencies.csproj", "{367AD6BB-75DA-4B31-ADD9-E89F5E02BA45}"
EndProject
Project("{FAE04EC0-301F-11D3-BF4B-00C04F79EFBC}") = "CodeEditor.Debugger.Backend", "src\Debugger\Backend\CodeEditor.Debugger.Backend.csproj", "{3C524BBD-42F2-4BF2-A96A-329A8C76F7F9}"
EndProject
Project("{FAE04EC0-301F-11D3-BF4B-00C04F79EFBC}") = "CodeEditor.Debugger.Backend.Sdb", "src\Debugger\Backend.Sdb\CodeEditor.Debugger.Backend.Sdb.csproj", "{796B13D9-48B9-4EBA-B274-BBF297AFBD66}"
EndProject
Project("{FAE04EC0-301F-11D3-BF4B-00C04F79EFBC}") = "CodeEditor.Remoting", "src\Frameworks\CodeEditor.Remoting\CodeEditor.Remoting.csproj", "{F3B4F98B-CC7D-4E3F-A8B6-FEA8E8C4A078}"
EndProject
Project("{FAE04EC0-301F-11D3-BF4B-00C04F79EFBC}") = "CodeEditor.Composition", "src\Frameworks\CodeEditor.Composition\CodeEditor.Composition.csproj", "{9DB8BFD3-06C8-4A8C-8842-5931B924B56C}"
EndProject
Project("{FAE04EC0-301F-11D3-BF4B-00C04F79EFBC}") = "CodeEditor.IO", "src\Frameworks\CodeEditor.IO\CodeEditor.IO.csproj", "{489773FF-92B1-40B0-98EF-3ED337E5448F}"
EndProject
Project("{FAE04EC0-301F-11D3-BF4B-00C04F79EFBC}") = "CodeEditor.Testing", "src\Frameworks\CodeEditor.Testing\CodeEditor.Testing.csproj", "{A4F64CB6-1002-4CA6-8571-8ABFBDE63877}"
EndProject
Project("{FAE04EC0-301F-11D3-BF4B-00C04F79EFBC}") = "CodeEditor.Collections", "src\Frameworks\CodeEditor.Collections\CodeEditor.Collections.csproj", "{59F47162-813F-47E0-9E62-99090D2081C1}"
EndProject
Project("{FAE04EC0-301F-11D3-BF4B-00C04F79EFBC}") = "CodeEditor.Text.UI.Tests", "src\Tests\CodeEditor.Text.UI.Tests\CodeEditor.Text.UI.Tests.csproj", "{C8831BDA-0DB4-45FF-AB6D-DAE3F68D6CEF}"
EndProject
Project("{FAE04EC0-301F-11D3-BF4B-00C04F79EFBC}") = "CodeEditor.Text.Data.Tests", "src\Tests\CodeEditor.Text.Data.Tests\CodeEditor.Text.Data.Tests.csproj", "{02E4A566-1A0F-4C5A-8949-6B8E0398497F}"
EndProject
Project("{FAE04EC0-301F-11D3-BF4B-00C04F79EFBC}") = "CodeEditor.Languages.UnityScript.Tests", "src\Tests\CodeEditor.Languages.UnityScript.Tests\CodeEditor.Languages.UnityScript.Tests.csproj", "{55006E6E-9E07-4C4C-94A9-6F8A6F235FFC}"
EndProject
Project("{FAE04EC0-301F-11D3-BF4B-00C04F79EFBC}") = "CodeEditor.Text.Logic.Tests", "src\Tests\CodeEditor.Text.Logic.Tests\CodeEditor.Text.Logic.Tests.csproj", "{DF4E0C96-8013-497D-8B45-37D71A3A9FBC}"
EndProject
Project("{FAE04EC0-301F-11D3-BF4B-00C04F79EFBC}") = "CodeEditor.Composition.Tests", "src\Tests\CodeEditor.Composition.Tests\CodeEditor.Composition.Tests.csproj", "{2ED73522-E34D-4CAB-8A42-6421FB9B1E77}"
EndProject
Project("{FAE04EC0-301F-11D3-BF4B-00C04F79EFBC}") = "CodeEditor.Debugger.Tests", "src\Tests\CodeEditor.Debugger.Tests\CodeEditor.Debugger.Tests.csproj", "{3EBF45F9-8587-425F-A438-D699488850BB}"
EndProject
Project("{FAE04EC0-301F-11D3-BF4B-00C04F79EFBC}") = "CodeEditor.Text.UI.Unity.Engine.Tests", "src\Tests\CodeEditor.Text.UI.Unity.Engine.Tests\CodeEditor.Text.UI.Unity.Engine.Tests.csproj", "{883E3104-4C05-4E8B-8043-21D2BED9CB65}"
EndProject
Project("{FAE04EC0-301F-11D3-BF4B-00C04F79EFBC}") = "CodeEditor.Text.UI.Unity.Editor.Tests", "src\Tests\CodeEditor.Text.UI.Unity.Editor.Tests\CodeEditor.Text.UI.Unity.Editor.Tests.csproj", "{6B6B0AB2-0DA0-40F8-A56D-C6CC1CADEF16}"
EndProject
Project("{FAE04EC0-301F-11D3-BF4B-00C04F79EFBC}") = "CodeEditor.Collections.Tests", "src\Tests\CodeEditor.Collections.Tests\CodeEditor.Collections.Tests.csproj", "{0EF8B173-6B19-4812-A8D0-ADE5F7651C4A}"
EndProject
Project("{FAE04EC0-301F-11D3-BF4B-00C04F79EFBC}") = "CodeEditor.Languages.Common.Tests", "src\Tests\CodeEditor.Languages.Common.Tests\CodeEditor.Languages.Common.Tests.csproj", "{1318FD98-D715-47F2-B3E7-74E12F042114}"
EndProject
Project("{FAE04EC0-301F-11D3-BF4B-00C04F79EFBC}") = "CodeEditor.Debugger.IntegrationTests", "src\Tests\CodeEditor.Debugger.IntegrationTests\CodeEditor.Debugger.IntegrationTests.csproj", "{E169204B-D59F-4CDA-A0A9-CBCEF7F538B3}"
EndProject
Project("{FAE04EC0-301F-11D3-BF4B-00C04F79EFBC}") = "Mono.Debugger.Soft", "external\Mono.Debugger.Soft\Mono.Debugger.Soft.csproj", "{F2D07F82-9C51-4889-8987-4CEF47490751}"
EndProject
Project("{2150E333-8FDC-42A3-9474-1A3956D46DE8}") = "Unity", "Unity", "{68A06037-F9D6-407C-A971-793850A7E855}"
EndProject
Project("{2150E333-8FDC-42A3-9474-1A3956D46DE8}") = "Text", "Text", "{07FA612B-910F-474F-942D-50E6230A85E0}"
EndProject
Project("{FAE04EC0-301F-11D3-BF4B-00C04F79EFBC}") = "UnityEngine", "..\..\Projects\CSharp\UnityEngine.csproj", "{F0499708-3EB6-4026-8362-97E6FFC4E7C8}"
EndProject
Project("{FAE04EC0-301F-11D3-BF4B-00C04F79EFBC}") = "UnityEditor", "..\..\Projects\CSharp\UnityEditor.csproj", "{016C8D73-3641-47FB-8D33-7A015A7EC7DB}"
EndProject
Project("{2150E333-8FDC-42A3-9474-1A3956D46DE8}") = "Build", "Build", "{5E2C45D4-AEA0-42A7-A339-B6EB9773AB30}"
EndProject
Project("{2150E333-8FDC-42A3-9474-1A3956D46DE8}") = "External", "External", "{24D895E6-E40E-4106-918A-7FB98DE60E3D}"
EndProject
Project("{2150E333-8FDC-42A3-9474-1A3956D46DE8}") = "Tests", "Tests", "{0BD0726F-8852-4ADC-91BE-FC58B091134A}"
EndProject
Project("{2150E333-8FDC-42A3-9474-1A3956D46DE8}") = "Unity", "Unity", "{A3FC73DA-C47F-4E97-BBE0-EACE720D3614}"
EndProject
Project("{2150E333-8FDC-42A3-9474-1A3956D46DE8}") = "Services", "Services", "{83D71823-7161-4836-9324-3C4C52329684}"
EndProject
Project("{FAE04EC0-301F-11D3-BF4B-00C04F79EFBC}") = "CodeEditor.Remoting.Completion", "src\Services\CodeEditor.Remoting.Completion\CodeEditor.Remoting.Completion.csproj", "{D5A79034-8547-44FD-98F2-0E8869C7D742}"
EndProject
Project("{FAE04EC0-301F-11D3-BF4B-00C04F79EFBC}") = "CodeEditor.Remoting.Tests", "src\Tests\CodeEditor.Remoting.Tests\CodeEditor.Remoting.Tests.csproj", "{126A5797-8647-4140-9EE9-99D5BBA75666}"
EndProject
Global
	GlobalSection(SolutionConfigurationPlatforms) = preSolution
		Debug|Any CPU = Debug|Any CPU
		Release|Any CPU = Release|Any CPU
		Testing|Any CPU = Testing|Any CPU
	EndGlobalSection
	GlobalSection(ProjectConfigurationPlatforms) = postSolution
		{80FD90AA-4188-4D81-AB31-6CDF792A84FA}.Debug|Any CPU.ActiveCfg = Debug|Any CPU
		{80FD90AA-4188-4D81-AB31-6CDF792A84FA}.Debug|Any CPU.Build.0 = Debug|Any CPU
		{80FD90AA-4188-4D81-AB31-6CDF792A84FA}.Release|Any CPU.ActiveCfg = Release|Any CPU
		{80FD90AA-4188-4D81-AB31-6CDF792A84FA}.Release|Any CPU.Build.0 = Release|Any CPU
		{80FD90AA-4188-4D81-AB31-6CDF792A84FA}.Testing|Any CPU.ActiveCfg = Release|Any CPU
		{80FD90AA-4188-4D81-AB31-6CDF792A84FA}.Testing|Any CPU.Build.0 = Release|Any CPU
		{81C749CC-09BF-4F72-B9C7-93D8446360DF}.Debug|Any CPU.ActiveCfg = Debug|Any CPU
		{81C749CC-09BF-4F72-B9C7-93D8446360DF}.Debug|Any CPU.Build.0 = Debug|Any CPU
		{81C749CC-09BF-4F72-B9C7-93D8446360DF}.Release|Any CPU.ActiveCfg = Release|Any CPU
		{81C749CC-09BF-4F72-B9C7-93D8446360DF}.Release|Any CPU.Build.0 = Release|Any CPU
		{81C749CC-09BF-4F72-B9C7-93D8446360DF}.Testing|Any CPU.ActiveCfg = Release|Any CPU
		{81C749CC-09BF-4F72-B9C7-93D8446360DF}.Testing|Any CPU.Build.0 = Release|Any CPU
		{6EBD7F15-9B34-49BA-B50B-1AC51527D085}.Debug|Any CPU.ActiveCfg = Debug|Any CPU
		{6EBD7F15-9B34-49BA-B50B-1AC51527D085}.Debug|Any CPU.Build.0 = Debug|Any CPU
		{6EBD7F15-9B34-49BA-B50B-1AC51527D085}.Release|Any CPU.ActiveCfg = Release|Any CPU
		{6EBD7F15-9B34-49BA-B50B-1AC51527D085}.Release|Any CPU.Build.0 = Release|Any CPU
		{6EBD7F15-9B34-49BA-B50B-1AC51527D085}.Testing|Any CPU.ActiveCfg = Release|Any CPU
		{6EBD7F15-9B34-49BA-B50B-1AC51527D085}.Testing|Any CPU.Build.0 = Release|Any CPU
		{07D07B75-A60C-4063-8A0B-5A2F3C84490F}.Debug|Any CPU.ActiveCfg = Debug|Any CPU
		{07D07B75-A60C-4063-8A0B-5A2F3C84490F}.Debug|Any CPU.Build.0 = Debug|Any CPU
		{07D07B75-A60C-4063-8A0B-5A2F3C84490F}.Release|Any CPU.ActiveCfg = Release|Any CPU
		{07D07B75-A60C-4063-8A0B-5A2F3C84490F}.Release|Any CPU.Build.0 = Release|Any CPU
		{07D07B75-A60C-4063-8A0B-5A2F3C84490F}.Testing|Any CPU.ActiveCfg = Release|Any CPU
		{07D07B75-A60C-4063-8A0B-5A2F3C84490F}.Testing|Any CPU.Build.0 = Release|Any CPU
		{A6107081-C1F6-4B9C-AFED-2BE0AB8E5BAF}.Debug|Any CPU.ActiveCfg = Debug|Any CPU
		{A6107081-C1F6-4B9C-AFED-2BE0AB8E5BAF}.Debug|Any CPU.Build.0 = Debug|Any CPU
		{A6107081-C1F6-4B9C-AFED-2BE0AB8E5BAF}.Release|Any CPU.ActiveCfg = Release|Any CPU
		{A6107081-C1F6-4B9C-AFED-2BE0AB8E5BAF}.Release|Any CPU.Build.0 = Release|Any CPU
		{A6107081-C1F6-4B9C-AFED-2BE0AB8E5BAF}.Testing|Any CPU.ActiveCfg = Release|Any CPU
		{A6107081-C1F6-4B9C-AFED-2BE0AB8E5BAF}.Testing|Any CPU.Build.0 = Release|Any CPU
		{E563745A-460A-4FBF-A72B-B2D4492A9716}.Debug|Any CPU.ActiveCfg = Debug|Any CPU
		{E563745A-460A-4FBF-A72B-B2D4492A9716}.Debug|Any CPU.Build.0 = Debug|Any CPU
		{E563745A-460A-4FBF-A72B-B2D4492A9716}.Release|Any CPU.ActiveCfg = Release|Any CPU
		{E563745A-460A-4FBF-A72B-B2D4492A9716}.Release|Any CPU.Build.0 = Release|Any CPU
		{E563745A-460A-4FBF-A72B-B2D4492A9716}.Testing|Any CPU.ActiveCfg = Release|Any CPU
		{E563745A-460A-4FBF-A72B-B2D4492A9716}.Testing|Any CPU.Build.0 = Release|Any CPU
		{6A91E197-9142-40C7-8C24-A75E8709E26D}.Debug|Any CPU.ActiveCfg = Debug|Any CPU
		{6A91E197-9142-40C7-8C24-A75E8709E26D}.Debug|Any CPU.Build.0 = Debug|Any CPU
		{6A91E197-9142-40C7-8C24-A75E8709E26D}.Release|Any CPU.ActiveCfg = Release|Any CPU
		{6A91E197-9142-40C7-8C24-A75E8709E26D}.Release|Any CPU.Build.0 = Release|Any CPU
		{6A91E197-9142-40C7-8C24-A75E8709E26D}.Testing|Any CPU.ActiveCfg = Release|Any CPU
		{6A91E197-9142-40C7-8C24-A75E8709E26D}.Testing|Any CPU.Build.0 = Release|Any CPU
		{5D6AABD6-B4E6-4D84-96E1-A9DD15F874A8}.Debug|Any CPU.ActiveCfg = Debug|Any CPU
		{5D6AABD6-B4E6-4D84-96E1-A9DD15F874A8}.Debug|Any CPU.Build.0 = Debug|Any CPU
		{5D6AABD6-B4E6-4D84-96E1-A9DD15F874A8}.Release|Any CPU.ActiveCfg = Release|Any CPU
		{5D6AABD6-B4E6-4D84-96E1-A9DD15F874A8}.Release|Any CPU.Build.0 = Release|Any CPU
		{5D6AABD6-B4E6-4D84-96E1-A9DD15F874A8}.Testing|Any CPU.ActiveCfg = Release|Any CPU
		{5D6AABD6-B4E6-4D84-96E1-A9DD15F874A8}.Testing|Any CPU.Build.0 = Release|Any CPU
		{C290F98D-894E-4878-AE4A-D1E83DA95619}.Debug|Any CPU.ActiveCfg = Debug|Any CPU
		{C290F98D-894E-4878-AE4A-D1E83DA95619}.Debug|Any CPU.Build.0 = Debug|Any CPU
		{C290F98D-894E-4878-AE4A-D1E83DA95619}.Release|Any CPU.ActiveCfg = Release|Any CPU
		{C290F98D-894E-4878-AE4A-D1E83DA95619}.Release|Any CPU.Build.0 = Release|Any CPU
		{C290F98D-894E-4878-AE4A-D1E83DA95619}.Testing|Any CPU.ActiveCfg = Release|Any CPU
		{C290F98D-894E-4878-AE4A-D1E83DA95619}.Testing|Any CPU.Build.0 = Release|Any CPU
		{B339EC21-C05C-4350-A62B-7126C82541AF}.Debug|Any CPU.ActiveCfg = Debug|Any CPU
		{B339EC21-C05C-4350-A62B-7126C82541AF}.Debug|Any CPU.Build.0 = Debug|Any CPU
		{B339EC21-C05C-4350-A62B-7126C82541AF}.Release|Any CPU.ActiveCfg = Release|Any CPU
		{B339EC21-C05C-4350-A62B-7126C82541AF}.Release|Any CPU.Build.0 = Release|Any CPU
		{B339EC21-C05C-4350-A62B-7126C82541AF}.Testing|Any CPU.ActiveCfg = Release|Any CPU
		{B339EC21-C05C-4350-A62B-7126C82541AF}.Testing|Any CPU.Build.0 = Release|Any CPU
		{6441A270-0DF3-42C9-9409-02BC273507DA}.Debug|Any CPU.ActiveCfg = Debug|Any CPU
		{6441A270-0DF3-42C9-9409-02BC273507DA}.Debug|Any CPU.Build.0 = Debug|Any CPU
		{6441A270-0DF3-42C9-9409-02BC273507DA}.Release|Any CPU.ActiveCfg = Release|Any CPU
		{6441A270-0DF3-42C9-9409-02BC273507DA}.Release|Any CPU.Build.0 = Release|Any CPU
		{6441A270-0DF3-42C9-9409-02BC273507DA}.Testing|Any CPU.ActiveCfg = Release|Any CPU
		{6441A270-0DF3-42C9-9409-02BC273507DA}.Testing|Any CPU.Build.0 = Release|Any CPU
		{36C4B51C-F8C9-44EB-832E-82E14FA63499}.Debug|Any CPU.ActiveCfg = Debug|Any CPU
		{36C4B51C-F8C9-44EB-832E-82E14FA63499}.Debug|Any CPU.Build.0 = Debug|Any CPU
		{36C4B51C-F8C9-44EB-832E-82E14FA63499}.Release|Any CPU.ActiveCfg = Release|Any CPU
		{36C4B51C-F8C9-44EB-832E-82E14FA63499}.Release|Any CPU.Build.0 = Release|Any CPU
		{36C4B51C-F8C9-44EB-832E-82E14FA63499}.Testing|Any CPU.ActiveCfg = Release|Any CPU
		{36C4B51C-F8C9-44EB-832E-82E14FA63499}.Testing|Any CPU.Build.0 = Release|Any CPU
		{0E6DFD1C-426E-4F74-AD5B-D908458B3D7B}.Debug|Any CPU.ActiveCfg = Debug|Any CPU
		{0E6DFD1C-426E-4F74-AD5B-D908458B3D7B}.Debug|Any CPU.Build.0 = Debug|Any CPU
		{0E6DFD1C-426E-4F74-AD5B-D908458B3D7B}.Release|Any CPU.ActiveCfg = Release|Any CPU
		{0E6DFD1C-426E-4F74-AD5B-D908458B3D7B}.Release|Any CPU.Build.0 = Release|Any CPU
		{0E6DFD1C-426E-4F74-AD5B-D908458B3D7B}.Testing|Any CPU.ActiveCfg = Release|Any CPU
		{0E6DFD1C-426E-4F74-AD5B-D908458B3D7B}.Testing|Any CPU.Build.0 = Release|Any CPU
		{E7D6952B-DC82-4D01-BFA6-D6BA4A65CEB2}.Debug|Any CPU.ActiveCfg = Debug|Any CPU
		{E7D6952B-DC82-4D01-BFA6-D6BA4A65CEB2}.Debug|Any CPU.Build.0 = Debug|Any CPU
		{E7D6952B-DC82-4D01-BFA6-D6BA4A65CEB2}.Release|Any CPU.ActiveCfg = Release|Any CPU
		{E7D6952B-DC82-4D01-BFA6-D6BA4A65CEB2}.Release|Any CPU.Build.0 = Release|Any CPU
		{E7D6952B-DC82-4D01-BFA6-D6BA4A65CEB2}.Testing|Any CPU.ActiveCfg = Release|Any CPU
		{E7D6952B-DC82-4D01-BFA6-D6BA4A65CEB2}.Testing|Any CPU.Build.0 = Release|Any CPU
		{05848CF0-F1ED-4806-8A06-62B7AD048BE7}.Debug|Any CPU.ActiveCfg = Debug|Any CPU
		{05848CF0-F1ED-4806-8A06-62B7AD048BE7}.Debug|Any CPU.Build.0 = Debug|Any CPU
		{05848CF0-F1ED-4806-8A06-62B7AD048BE7}.Release|Any CPU.ActiveCfg = Release|Any CPU
		{05848CF0-F1ED-4806-8A06-62B7AD048BE7}.Release|Any CPU.Build.0 = Release|Any CPU
		{05848CF0-F1ED-4806-8A06-62B7AD048BE7}.Testing|Any CPU.ActiveCfg = Release|Any CPU
		{05848CF0-F1ED-4806-8A06-62B7AD048BE7}.Testing|Any CPU.Build.0 = Release|Any CPU
		{367AD6BB-75DA-4B31-ADD9-E89F5E02BA45}.Debug|Any CPU.ActiveCfg = Debug|Any CPU
		{367AD6BB-75DA-4B31-ADD9-E89F5E02BA45}.Debug|Any CPU.Build.0 = Debug|Any CPU
		{367AD6BB-75DA-4B31-ADD9-E89F5E02BA45}.Release|Any CPU.ActiveCfg = Release|Any CPU
		{367AD6BB-75DA-4B31-ADD9-E89F5E02BA45}.Release|Any CPU.Build.0 = Release|Any CPU
		{367AD6BB-75DA-4B31-ADD9-E89F5E02BA45}.Testing|Any CPU.ActiveCfg = Release|Any CPU
		{367AD6BB-75DA-4B31-ADD9-E89F5E02BA45}.Testing|Any CPU.Build.0 = Release|Any CPU
		{3C524BBD-42F2-4BF2-A96A-329A8C76F7F9}.Debug|Any CPU.ActiveCfg = Debug|Any CPU
		{3C524BBD-42F2-4BF2-A96A-329A8C76F7F9}.Debug|Any CPU.Build.0 = Debug|Any CPU
		{3C524BBD-42F2-4BF2-A96A-329A8C76F7F9}.Release|Any CPU.ActiveCfg = Release|Any CPU
		{3C524BBD-42F2-4BF2-A96A-329A8C76F7F9}.Release|Any CPU.Build.0 = Release|Any CPU
		{3C524BBD-42F2-4BF2-A96A-329A8C76F7F9}.Testing|Any CPU.ActiveCfg = Release|Any CPU
		{3C524BBD-42F2-4BF2-A96A-329A8C76F7F9}.Testing|Any CPU.Build.0 = Release|Any CPU
		{796B13D9-48B9-4EBA-B274-BBF297AFBD66}.Debug|Any CPU.ActiveCfg = Debug|Any CPU
		{796B13D9-48B9-4EBA-B274-BBF297AFBD66}.Debug|Any CPU.Build.0 = Debug|Any CPU
		{796B13D9-48B9-4EBA-B274-BBF297AFBD66}.Release|Any CPU.ActiveCfg = Release|Any CPU
		{796B13D9-48B9-4EBA-B274-BBF297AFBD66}.Release|Any CPU.Build.0 = Release|Any CPU
		{796B13D9-48B9-4EBA-B274-BBF297AFBD66}.Testing|Any CPU.ActiveCfg = Release|Any CPU
		{796B13D9-48B9-4EBA-B274-BBF297AFBD66}.Testing|Any CPU.Build.0 = Release|Any CPU
		{F3B4F98B-CC7D-4E3F-A8B6-FEA8E8C4A078}.Debug|Any CPU.ActiveCfg = Debug|Any CPU
		{F3B4F98B-CC7D-4E3F-A8B6-FEA8E8C4A078}.Debug|Any CPU.Build.0 = Debug|Any CPU
		{F3B4F98B-CC7D-4E3F-A8B6-FEA8E8C4A078}.Release|Any CPU.ActiveCfg = Release|Any CPU
		{F3B4F98B-CC7D-4E3F-A8B6-FEA8E8C4A078}.Release|Any CPU.Build.0 = Release|Any CPU
		{F3B4F98B-CC7D-4E3F-A8B6-FEA8E8C4A078}.Testing|Any CPU.ActiveCfg = Release|Any CPU
		{F3B4F98B-CC7D-4E3F-A8B6-FEA8E8C4A078}.Testing|Any CPU.Build.0 = Release|Any CPU
		{9DB8BFD3-06C8-4A8C-8842-5931B924B56C}.Debug|Any CPU.ActiveCfg = Debug|Any CPU
		{9DB8BFD3-06C8-4A8C-8842-5931B924B56C}.Debug|Any CPU.Build.0 = Debug|Any CPU
		{9DB8BFD3-06C8-4A8C-8842-5931B924B56C}.Release|Any CPU.ActiveCfg = Release|Any CPU
		{9DB8BFD3-06C8-4A8C-8842-5931B924B56C}.Release|Any CPU.Build.0 = Release|Any CPU
		{9DB8BFD3-06C8-4A8C-8842-5931B924B56C}.Testing|Any CPU.ActiveCfg = Release|Any CPU
		{9DB8BFD3-06C8-4A8C-8842-5931B924B56C}.Testing|Any CPU.Build.0 = Release|Any CPU
		{489773FF-92B1-40B0-98EF-3ED337E5448F}.Debug|Any CPU.ActiveCfg = Debug|Any CPU
		{489773FF-92B1-40B0-98EF-3ED337E5448F}.Debug|Any CPU.Build.0 = Debug|Any CPU
		{489773FF-92B1-40B0-98EF-3ED337E5448F}.Release|Any CPU.ActiveCfg = Release|Any CPU
		{489773FF-92B1-40B0-98EF-3ED337E5448F}.Release|Any CPU.Build.0 = Release|Any CPU
		{489773FF-92B1-40B0-98EF-3ED337E5448F}.Testing|Any CPU.ActiveCfg = Release|Any CPU
		{489773FF-92B1-40B0-98EF-3ED337E5448F}.Testing|Any CPU.Build.0 = Release|Any CPU
		{A4F64CB6-1002-4CA6-8571-8ABFBDE63877}.Debug|Any CPU.ActiveCfg = Debug|Any CPU
		{A4F64CB6-1002-4CA6-8571-8ABFBDE63877}.Debug|Any CPU.Build.0 = Debug|Any CPU
		{A4F64CB6-1002-4CA6-8571-8ABFBDE63877}.Release|Any CPU.ActiveCfg = Release|Any CPU
		{A4F64CB6-1002-4CA6-8571-8ABFBDE63877}.Release|Any CPU.Build.0 = Release|Any CPU
		{A4F64CB6-1002-4CA6-8571-8ABFBDE63877}.Testing|Any CPU.ActiveCfg = Release|Any CPU
		{A4F64CB6-1002-4CA6-8571-8ABFBDE63877}.Testing|Any CPU.Build.0 = Release|Any CPU
		{59F47162-813F-47E0-9E62-99090D2081C1}.Debug|Any CPU.ActiveCfg = Debug|Any CPU
		{59F47162-813F-47E0-9E62-99090D2081C1}.Debug|Any CPU.Build.0 = Debug|Any CPU
		{59F47162-813F-47E0-9E62-99090D2081C1}.Release|Any CPU.ActiveCfg = Release|Any CPU
		{59F47162-813F-47E0-9E62-99090D2081C1}.Release|Any CPU.Build.0 = Release|Any CPU
		{59F47162-813F-47E0-9E62-99090D2081C1}.Testing|Any CPU.ActiveCfg = Release|Any CPU
		{59F47162-813F-47E0-9E62-99090D2081C1}.Testing|Any CPU.Build.0 = Release|Any CPU
		{C8831BDA-0DB4-45FF-AB6D-DAE3F68D6CEF}.Debug|Any CPU.ActiveCfg = Debug|Any CPU
		{C8831BDA-0DB4-45FF-AB6D-DAE3F68D6CEF}.Debug|Any CPU.Build.0 = Debug|Any CPU
		{C8831BDA-0DB4-45FF-AB6D-DAE3F68D6CEF}.Release|Any CPU.ActiveCfg = Release|Any CPU
		{C8831BDA-0DB4-45FF-AB6D-DAE3F68D6CEF}.Release|Any CPU.Build.0 = Release|Any CPU
		{C8831BDA-0DB4-45FF-AB6D-DAE3F68D6CEF}.Testing|Any CPU.ActiveCfg = Release|Any CPU
		{C8831BDA-0DB4-45FF-AB6D-DAE3F68D6CEF}.Testing|Any CPU.Build.0 = Release|Any CPU
		{02E4A566-1A0F-4C5A-8949-6B8E0398497F}.Debug|Any CPU.ActiveCfg = Debug|Any CPU
		{02E4A566-1A0F-4C5A-8949-6B8E0398497F}.Debug|Any CPU.Build.0 = Debug|Any CPU
		{02E4A566-1A0F-4C5A-8949-6B8E0398497F}.Release|Any CPU.ActiveCfg = Release|Any CPU
		{02E4A566-1A0F-4C5A-8949-6B8E0398497F}.Release|Any CPU.Build.0 = Release|Any CPU
		{02E4A566-1A0F-4C5A-8949-6B8E0398497F}.Testing|Any CPU.ActiveCfg = Release|Any CPU
		{02E4A566-1A0F-4C5A-8949-6B8E0398497F}.Testing|Any CPU.Build.0 = Release|Any CPU
		{55006E6E-9E07-4C4C-94A9-6F8A6F235FFC}.Debug|Any CPU.ActiveCfg = Debug|Any CPU
		{55006E6E-9E07-4C4C-94A9-6F8A6F235FFC}.Debug|Any CPU.Build.0 = Debug|Any CPU
		{55006E6E-9E07-4C4C-94A9-6F8A6F235FFC}.Release|Any CPU.ActiveCfg = Release|Any CPU
		{55006E6E-9E07-4C4C-94A9-6F8A6F235FFC}.Release|Any CPU.Build.0 = Release|Any CPU
		{55006E6E-9E07-4C4C-94A9-6F8A6F235FFC}.Testing|Any CPU.ActiveCfg = Release|Any CPU
		{55006E6E-9E07-4C4C-94A9-6F8A6F235FFC}.Testing|Any CPU.Build.0 = Release|Any CPU
		{DF4E0C96-8013-497D-8B45-37D71A3A9FBC}.Debug|Any CPU.ActiveCfg = Debug|Any CPU
		{DF4E0C96-8013-497D-8B45-37D71A3A9FBC}.Debug|Any CPU.Build.0 = Debug|Any CPU
		{DF4E0C96-8013-497D-8B45-37D71A3A9FBC}.Release|Any CPU.ActiveCfg = Release|Any CPU
		{DF4E0C96-8013-497D-8B45-37D71A3A9FBC}.Release|Any CPU.Build.0 = Release|Any CPU
		{DF4E0C96-8013-497D-8B45-37D71A3A9FBC}.Testing|Any CPU.ActiveCfg = Release|Any CPU
		{DF4E0C96-8013-497D-8B45-37D71A3A9FBC}.Testing|Any CPU.Build.0 = Release|Any CPU
		{2ED73522-E34D-4CAB-8A42-6421FB9B1E77}.Debug|Any CPU.ActiveCfg = Debug|Any CPU
		{2ED73522-E34D-4CAB-8A42-6421FB9B1E77}.Debug|Any CPU.Build.0 = Debug|Any CPU
		{2ED73522-E34D-4CAB-8A42-6421FB9B1E77}.Release|Any CPU.ActiveCfg = Release|Any CPU
		{2ED73522-E34D-4CAB-8A42-6421FB9B1E77}.Release|Any CPU.Build.0 = Release|Any CPU
		{2ED73522-E34D-4CAB-8A42-6421FB9B1E77}.Testing|Any CPU.ActiveCfg = Release|Any CPU
		{2ED73522-E34D-4CAB-8A42-6421FB9B1E77}.Testing|Any CPU.Build.0 = Release|Any CPU
		{3EBF45F9-8587-425F-A438-D699488850BB}.Debug|Any CPU.ActiveCfg = Debug|Any CPU
		{3EBF45F9-8587-425F-A438-D699488850BB}.Debug|Any CPU.Build.0 = Debug|Any CPU
		{3EBF45F9-8587-425F-A438-D699488850BB}.Release|Any CPU.ActiveCfg = Release|Any CPU
		{3EBF45F9-8587-425F-A438-D699488850BB}.Release|Any CPU.Build.0 = Release|Any CPU
		{3EBF45F9-8587-425F-A438-D699488850BB}.Testing|Any CPU.ActiveCfg = Release|Any CPU
		{3EBF45F9-8587-425F-A438-D699488850BB}.Testing|Any CPU.Build.0 = Release|Any CPU
		{883E3104-4C05-4E8B-8043-21D2BED9CB65}.Debug|Any CPU.ActiveCfg = Debug|Any CPU
		{883E3104-4C05-4E8B-8043-21D2BED9CB65}.Debug|Any CPU.Build.0 = Debug|Any CPU
		{883E3104-4C05-4E8B-8043-21D2BED9CB65}.Release|Any CPU.ActiveCfg = Release|Any CPU
		{883E3104-4C05-4E8B-8043-21D2BED9CB65}.Release|Any CPU.Build.0 = Release|Any CPU
		{883E3104-4C05-4E8B-8043-21D2BED9CB65}.Testing|Any CPU.ActiveCfg = Release|Any CPU
		{883E3104-4C05-4E8B-8043-21D2BED9CB65}.Testing|Any CPU.Build.0 = Release|Any CPU
		{6B6B0AB2-0DA0-40F8-A56D-C6CC1CADEF16}.Debug|Any CPU.ActiveCfg = Debug|Any CPU
		{6B6B0AB2-0DA0-40F8-A56D-C6CC1CADEF16}.Debug|Any CPU.Build.0 = Debug|Any CPU
		{6B6B0AB2-0DA0-40F8-A56D-C6CC1CADEF16}.Release|Any CPU.ActiveCfg = Release|Any CPU
		{6B6B0AB2-0DA0-40F8-A56D-C6CC1CADEF16}.Release|Any CPU.Build.0 = Release|Any CPU
		{6B6B0AB2-0DA0-40F8-A56D-C6CC1CADEF16}.Testing|Any CPU.ActiveCfg = Release|Any CPU
		{6B6B0AB2-0DA0-40F8-A56D-C6CC1CADEF16}.Testing|Any CPU.Build.0 = Release|Any CPU
		{0EF8B173-6B19-4812-A8D0-ADE5F7651C4A}.Debug|Any CPU.ActiveCfg = Debug|Any CPU
		{0EF8B173-6B19-4812-A8D0-ADE5F7651C4A}.Debug|Any CPU.Build.0 = Debug|Any CPU
		{0EF8B173-6B19-4812-A8D0-ADE5F7651C4A}.Release|Any CPU.ActiveCfg = Release|Any CPU
		{0EF8B173-6B19-4812-A8D0-ADE5F7651C4A}.Release|Any CPU.Build.0 = Release|Any CPU
		{0EF8B173-6B19-4812-A8D0-ADE5F7651C4A}.Testing|Any CPU.ActiveCfg = Release|Any CPU
		{0EF8B173-6B19-4812-A8D0-ADE5F7651C4A}.Testing|Any CPU.Build.0 = Release|Any CPU
		{1318FD98-D715-47F2-B3E7-74E12F042114}.Debug|Any CPU.ActiveCfg = Debug|Any CPU
		{1318FD98-D715-47F2-B3E7-74E12F042114}.Debug|Any CPU.Build.0 = Debug|Any CPU
		{1318FD98-D715-47F2-B3E7-74E12F042114}.Release|Any CPU.ActiveCfg = Release|Any CPU
		{1318FD98-D715-47F2-B3E7-74E12F042114}.Release|Any CPU.Build.0 = Release|Any CPU
		{1318FD98-D715-47F2-B3E7-74E12F042114}.Testing|Any CPU.ActiveCfg = Release|Any CPU
		{1318FD98-D715-47F2-B3E7-74E12F042114}.Testing|Any CPU.Build.0 = Release|Any CPU
		{E169204B-D59F-4CDA-A0A9-CBCEF7F538B3}.Debug|Any CPU.ActiveCfg = Debug|Any CPU
		{E169204B-D59F-4CDA-A0A9-CBCEF7F538B3}.Debug|Any CPU.Build.0 = Debug|Any CPU
		{E169204B-D59F-4CDA-A0A9-CBCEF7F538B3}.Release|Any CPU.ActiveCfg = Release|Any CPU
		{E169204B-D59F-4CDA-A0A9-CBCEF7F538B3}.Release|Any CPU.Build.0 = Release|Any CPU
		{E169204B-D59F-4CDA-A0A9-CBCEF7F538B3}.Testing|Any CPU.ActiveCfg = Release|Any CPU
		{E169204B-D59F-4CDA-A0A9-CBCEF7F538B3}.Testing|Any CPU.Build.0 = Release|Any CPU
		{F2D07F82-9C51-4889-8987-4CEF47490751}.Debug|Any CPU.ActiveCfg = Debug|Any CPU
		{F2D07F82-9C51-4889-8987-4CEF47490751}.Release|Any CPU.ActiveCfg = Release|Any CPU
		{F2D07F82-9C51-4889-8987-4CEF47490751}.Release|Any CPU.Build.0 = Release|Any CPU
		{F2D07F82-9C51-4889-8987-4CEF47490751}.Testing|Any CPU.ActiveCfg = Release|Any CPU
		{F2D07F82-9C51-4889-8987-4CEF47490751}.Testing|Any CPU.Build.0 = Release|Any CPU
		{F0499708-3EB6-4026-8362-97E6FFC4E7C8}.Debug|Any CPU.ActiveCfg = Debug|Any CPU
		{F0499708-3EB6-4026-8362-97E6FFC4E7C8}.Debug|Any CPU.Build.0 = Debug|Any CPU
		{F0499708-3EB6-4026-8362-97E6FFC4E7C8}.Release|Any CPU.ActiveCfg = Release|Any CPU
		{F0499708-3EB6-4026-8362-97E6FFC4E7C8}.Release|Any CPU.Build.0 = Release|Any CPU
		{F0499708-3EB6-4026-8362-97E6FFC4E7C8}.Testing|Any CPU.ActiveCfg = Release|Any CPU
		{F0499708-3EB6-4026-8362-97E6FFC4E7C8}.Testing|Any CPU.Build.0 = Release|Any CPU
		{016C8D73-3641-47FB-8D33-7A015A7EC7DB}.Debug|Any CPU.ActiveCfg = Debug|Any CPU
		{016C8D73-3641-47FB-8D33-7A015A7EC7DB}.Debug|Any CPU.Build.0 = Debug|Any CPU
		{016C8D73-3641-47FB-8D33-7A015A7EC7DB}.Release|Any CPU.ActiveCfg = Release|Any CPU
		{016C8D73-3641-47FB-8D33-7A015A7EC7DB}.Release|Any CPU.Build.0 = Release|Any CPU
		{016C8D73-3641-47FB-8D33-7A015A7EC7DB}.Testing|Any CPU.ActiveCfg = Testing|Any CPU
		{016C8D73-3641-47FB-8D33-7A015A7EC7DB}.Testing|Any CPU.Build.0 = Testing|Any CPU
		{D5A79034-8547-44FD-98F2-0E8869C7D742}.Debug|Any CPU.ActiveCfg = Debug|Any CPU
		{D5A79034-8547-44FD-98F2-0E8869C7D742}.Debug|Any CPU.Build.0 = Debug|Any CPU
		{D5A79034-8547-44FD-98F2-0E8869C7D742}.Release|Any CPU.ActiveCfg = Release|Any CPU
		{D5A79034-8547-44FD-98F2-0E8869C7D742}.Release|Any CPU.Build.0 = Release|Any CPU
		{D5A79034-8547-44FD-98F2-0E8869C7D742}.Testing|Any CPU.ActiveCfg = Release|Any CPU
		{D5A79034-8547-44FD-98F2-0E8869C7D742}.Testing|Any CPU.Build.0 = Release|Any CPU
		{126A5797-8647-4140-9EE9-99D5BBA75666}.Debug|Any CPU.ActiveCfg = Debug|Any CPU
		{126A5797-8647-4140-9EE9-99D5BBA75666}.Debug|Any CPU.Build.0 = Debug|Any CPU
		{126A5797-8647-4140-9EE9-99D5BBA75666}.Release|Any CPU.ActiveCfg = Release|Any CPU
		{126A5797-8647-4140-9EE9-99D5BBA75666}.Release|Any CPU.Build.0 = Release|Any CPU
		{126A5797-8647-4140-9EE9-99D5BBA75666}.Testing|Any CPU.ActiveCfg = Release|Any CPU
		{126A5797-8647-4140-9EE9-99D5BBA75666}.Testing|Any CPU.Build.0 = Release|Any CPU
	EndGlobalSection
	GlobalSection(SolutionProperties) = preSolution
		HideSolutionNode = FALSE
	EndGlobalSection
	GlobalSection(NestedProjects) = preSolution
		{C8831BDA-0DB4-45FF-AB6D-DAE3F68D6CEF} = {DECCCF77-91AC-4759-9B42-AD5D72496990}
		{02E4A566-1A0F-4C5A-8949-6B8E0398497F} = {DECCCF77-91AC-4759-9B42-AD5D72496990}
		{DF4E0C96-8013-497D-8B45-37D71A3A9FBC} = {DECCCF77-91AC-4759-9B42-AD5D72496990}
		{883E3104-4C05-4E8B-8043-21D2BED9CB65} = {DECCCF77-91AC-4759-9B42-AD5D72496990}
		{6B6B0AB2-0DA0-40F8-A56D-C6CC1CADEF16} = {DECCCF77-91AC-4759-9B42-AD5D72496990}
		{1318FD98-D715-47F2-B3E7-74E12F042114} = {DECCCF77-91AC-4759-9B42-AD5D72496990}
		{55006E6E-9E07-4C4C-94A9-6F8A6F235FFC} = {DECCCF77-91AC-4759-9B42-AD5D72496990}
		{2ED73522-E34D-4CAB-8A42-6421FB9B1E77} = {DECCCF77-91AC-4759-9B42-AD5D72496990}
		{0EF8B173-6B19-4812-A8D0-ADE5F7651C4A} = {DECCCF77-91AC-4759-9B42-AD5D72496990}
		{A4F64CB6-1002-4CA6-8571-8ABFBDE63877} = {DECCCF77-91AC-4759-9B42-AD5D72496990}
		{126A5797-8647-4140-9EE9-99D5BBA75666} = {DECCCF77-91AC-4759-9B42-AD5D72496990}
		{6441A270-0DF3-42C9-9409-02BC273507DA} = {950B8E62-DD5C-4084-B4C2-42B3BAEBC001}
		{36C4B51C-F8C9-44EB-832E-82E14FA63499} = {950B8E62-DD5C-4084-B4C2-42B3BAEBC001}
		{A3FC73DA-C47F-4E97-BBE0-EACE720D3614} = {950B8E62-DD5C-4084-B4C2-42B3BAEBC001}
		{5E2C45D4-AEA0-42A7-A339-B6EB9773AB30} = {950B8E62-DD5C-4084-B4C2-42B3BAEBC001}
		{3C524BBD-42F2-4BF2-A96A-329A8C76F7F9} = {950B8E62-DD5C-4084-B4C2-42B3BAEBC001}
		{796B13D9-48B9-4EBA-B274-BBF297AFBD66} = {950B8E62-DD5C-4084-B4C2-42B3BAEBC001}
		{0BD0726F-8852-4ADC-91BE-FC58B091134A} = {950B8E62-DD5C-4084-B4C2-42B3BAEBC001}
		{24D895E6-E40E-4106-918A-7FB98DE60E3D} = {950B8E62-DD5C-4084-B4C2-42B3BAEBC001}
		{9DB8BFD3-06C8-4A8C-8842-5931B924B56C} = {228395CA-7F86-451E-B8B7-8415EEB77AD7}
		{489773FF-92B1-40B0-98EF-3ED337E5448F} = {228395CA-7F86-451E-B8B7-8415EEB77AD7}
		{59F47162-813F-47E0-9E62-99090D2081C1} = {228395CA-7F86-451E-B8B7-8415EEB77AD7}
		{80FD90AA-4188-4D81-AB31-6CDF792A84FA} = {8E77EF12-1E3A-4BF1-A01A-B7E35F68E7F1}
		{81C749CC-09BF-4F72-B9C7-93D8446360DF} = {8E77EF12-1E3A-4BF1-A01A-B7E35F68E7F1}
		{6EBD7F15-9B34-49BA-B50B-1AC51527D085} = {8E77EF12-1E3A-4BF1-A01A-B7E35F68E7F1}
		{07D07B75-A60C-4063-8A0B-5A2F3C84490F} = {8E77EF12-1E3A-4BF1-A01A-B7E35F68E7F1}
		{E563745A-460A-4FBF-A72B-B2D4492A9716} = {07FA612B-910F-474F-942D-50E6230A85E0}
		{6A91E197-9142-40C7-8C24-A75E8709E26D} = {07FA612B-910F-474F-942D-50E6230A85E0}
		{5D6AABD6-B4E6-4D84-96E1-A9DD15F874A8} = {07FA612B-910F-474F-942D-50E6230A85E0}
		{C290F98D-894E-4878-AE4A-D1E83DA95619} = {07FA612B-910F-474F-942D-50E6230A85E0}
		{B339EC21-C05C-4350-A62B-7126C82541AF} = {07FA612B-910F-474F-942D-50E6230A85E0}
		{A6107081-C1F6-4B9C-AFED-2BE0AB8E5BAF} = {07FA612B-910F-474F-942D-50E6230A85E0}
		{E7D6952B-DC82-4D01-BFA6-D6BA4A65CEB2} = {A3FC73DA-C47F-4E97-BBE0-EACE720D3614}
		{05848CF0-F1ED-4806-8A06-62B7AD048BE7} = {A3FC73DA-C47F-4E97-BBE0-EACE720D3614}
		{0E6DFD1C-426E-4F74-AD5B-D908458B3D7B} = {A3FC73DA-C47F-4E97-BBE0-EACE720D3614}
		{367AD6BB-75DA-4B31-ADD9-E89F5E02BA45} = {5E2C45D4-AEA0-42A7-A339-B6EB9773AB30}
		{E169204B-D59F-4CDA-A0A9-CBCEF7F538B3} = {0BD0726F-8852-4ADC-91BE-FC58B091134A}
		{3EBF45F9-8587-425F-A438-D699488850BB} = {0BD0726F-8852-4ADC-91BE-FC58B091134A}
		{F2D07F82-9C51-4889-8987-4CEF47490751} = {24D895E6-E40E-4106-918A-7FB98DE60E3D}
		{F0499708-3EB6-4026-8362-97E6FFC4E7C8} = {68A06037-F9D6-407C-A971-793850A7E855}
		{016C8D73-3641-47FB-8D33-7A015A7EC7DB} = {68A06037-F9D6-407C-A971-793850A7E855}
		{D5A79034-8547-44FD-98F2-0E8869C7D742} = {83D71823-7161-4836-9324-3C4C52329684}
		{F3B4F98B-CC7D-4E3F-A8B6-FEA8E8C4A078} = {83D71823-7161-4836-9324-3C4C52329684}
	EndGlobalSection
EndGlobal
