Microsoft Visual Studio Solution File, Format Version 11.00
# Visual Studio 2010
Project("{2150E333-8FDC-42A3-9474-1A3956D46DE8}") = "Debugger", "Debugger", "{950B8E62-DD5C-4084-B4C2-42B3BAEBC001}"
EndProject
Project("{FAE04EC0-301F-11D3-BF4B-00C04F79EFBC}") = "Debugger", "src\Debugger\Debugger\Debugger.csproj", "{6441A270-0DF3-42C9-9409-02BC273507DA}"
EndProject
Project("{FAE04EC0-301F-11D3-BF4B-00C04F79EFBC}") = "Debugger.Console", "src\Debugger\Console\Debugger.Console.csproj", "{36C4B51C-F8C9-44EB-832E-82E14FA63499}"
EndProject
Project("{FAE04EC0-301F-11D3-BF4B-00C04F79EFBC}") = "Debugger.Unity.Engine", "src\Debugger\Unity\Engine\Debugger.Unity.Engine.csproj", "{0E6DFD1C-426E-4F74-AD5B-D908458B3D7B}"
EndProject
Project("{FAE04EC0-301F-11D3-BF4B-00C04F79EFBC}") = "Debugger.Unity.EditorIntegration", "src\Debugger\Unity\EditorIntegration\Debugger.Unity.EditorIntegration.csproj", "{E7D6952B-DC82-4D01-BFA6-D6BA4A65CEB2}"
EndProject
Project("{FAE04EC0-301F-11D3-BF4B-00C04F79EFBC}") = "Debugger.Unity.Standalone.Dependencies", "src\Debugger\Unity\Standalone.Dependencies\Debugger.Unity.Standalone.Dependencies.csproj", "{367AD6BB-75DA-4B31-ADD9-E89F5E02BA45}"
EndProject
Project("{FAE04EC0-301F-11D3-BF4B-00C04F79EFBC}") = "Debugger.Backend", "src\Debugger\Backend\Debugger.Backend.csproj", "{3C524BBD-42F2-4BF2-A96A-329A8C76F7F9}"
EndProject
Project("{FAE04EC0-301F-11D3-BF4B-00C04F79EFBC}") = "Debugger.Backend.Sdb", "src\Debugger\Backend.Sdb\Debugger.Backend.Sdb.csproj", "{796B13D9-48B9-4EBA-B274-BBF297AFBD66}"
EndProject
Project("{FAE04EC0-301F-11D3-BF4B-00C04F79EFBC}") = "Debugger.Tests", "src\Tests\Debugger.Tests\Debugger.Tests.csproj", "{3EBF45F9-8587-425F-A438-D699488850BB}"
EndProject
Project("{FAE04EC0-301F-11D3-BF4B-00C04F79EFBC}") = "Debugger.IntegrationTests", "src\Tests\Debugger.IntegrationTests\Debugger.IntegrationTests.csproj", "{E169204B-D59F-4CDA-A0A9-CBCEF7F538B3}"
EndProject
Project("{FAE04EC0-301F-11D3-BF4B-00C04F79EFBC}") = "Mono.Debugger.Soft", "external\Mono.Debugger.Soft\Mono.Debugger.Soft.csproj", "{F2D07F82-9C51-4889-8987-4CEF47490751}"
EndProject
Project("{2150E333-8FDC-42A3-9474-1A3956D46DE8}") = "Build", "Build", "{5E2C45D4-AEA0-42A7-A339-B6EB9773AB30}"
EndProject
Project("{2150E333-8FDC-42A3-9474-1A3956D46DE8}") = "External", "External", "{24D895E6-E40E-4106-918A-7FB98DE60E3D}"
EndProject
Project("{2150E333-8FDC-42A3-9474-1A3956D46DE8}") = "Tests", "Tests", "{0BD0726F-8852-4ADC-91BE-FC58B091134A}"
EndProject
Project("{2150E333-8FDC-42A3-9474-1A3956D46DE8}") = "Unity", "Unity", "{A3FC73DA-C47F-4E97-BBE0-EACE720D3614}"
EndProject
Project("{FAE04EC0-301F-11D3-BF4B-00C04F79EFBC}") = "Debugger.Unity.Standalone", "src\Debugger\Unity\Standalone\Debugger.Unity.Standalone.csproj", "{05848CF0-F1ED-4806-8A06-62B7AD048BE7}"
	ProjectSection(ProjectDependencies) = postProject
		{0E6DFD1C-426E-4F74-AD5B-D908458B3D7B} = {0E6DFD1C-426E-4F74-AD5B-D908458B3D7B}
		{6441A270-0DF3-42C9-9409-02BC273507DA} = {6441A270-0DF3-42C9-9409-02BC273507DA}
		{F2D07F82-9C51-4889-8987-4CEF47490751} = {F2D07F82-9C51-4889-8987-4CEF47490751}
	EndProjectSection
EndProject
Project("{FAE04EC0-301F-11D3-BF4B-00C04F79EFBC}") = "UnityEditor", "..\unity\Projects\CSharp\UnityEditor.csproj", "{016C8D73-3641-47FB-8D33-7A015A7EC7DB}"
EndProject
Project("{FAE04EC0-301F-11D3-BF4B-00C04F79EFBC}") = "UnityEngine", "..\unity\Projects\CSharp\UnityEngine.csproj", "{F0499708-3EB6-4026-8362-97E6FFC4E7C8}"
EndProject
Project("{FAE04EC0-301F-11D3-BF4B-00C04F79EFBC}") = "Unity.Remoting", "..\unity\Tools\Unity.Remoting\Unity.Remoting.csproj", "{F3B4F98B-CC7D-4E3F-A8B6-FEA8E8C4A078}"
EndProject
Project("{FAE04EC0-301F-11D3-BF4B-00C04F79EFBC}") = "Debugger.Frontend", "src\Debugger\Frontend\Debugger.Frontend.csproj", "{9FC9E578-64AB-43F0-BCF7-F87D18CADAC0}"
EndProject
Project("{FAE04EC0-301F-11D3-BF4B-00C04F79EFBC}") = "Debugger.DummyProviders", "src\Tests\Debugger.DummyProviders\Debugger.DummyProviders.csproj", "{43EEB420-AB01-42EB-A1A0-69BCA815E5F1}"
EndProject
Project("{FAE04EC0-301F-11D3-BF4B-00C04F79EFBC}") = "TestLibrary1", "src\Tests\Debugger.Tests\TestLibraries\TestLibrary1\TestLibrary1.csproj", "{53EABAB3-883B-4DC2-9C3E-6E6A611CF83C}"
EndProject
Global
	GlobalSection(SolutionConfigurationPlatforms) = preSolution
		Debug|Any CPU = Debug|Any CPU
		Release|Any CPU = Release|Any CPU
		Testing|Any CPU = Testing|Any CPU
	EndGlobalSection
	GlobalSection(ProjectConfigurationPlatforms) = postSolution
		{6441A270-0DF3-42C9-9409-02BC273507DA}.Debug|Any CPU.ActiveCfg = Debug|Any CPU
		{6441A270-0DF3-42C9-9409-02BC273507DA}.Debug|Any CPU.Build.0 = Debug|Any CPU
		{6441A270-0DF3-42C9-9409-02BC273507DA}.Release|Any CPU.ActiveCfg = Release|Any CPU
		{6441A270-0DF3-42C9-9409-02BC273507DA}.Release|Any CPU.Build.0 = Release|Any CPU
		{6441A270-0DF3-42C9-9409-02BC273507DA}.Testing|Any CPU.ActiveCfg = Release|Any CPU
		{6441A270-0DF3-42C9-9409-02BC273507DA}.Testing|Any CPU.Build.0 = Release|Any CPU
		{36C4B51C-F8C9-44EB-832E-82E14FA63499}.Debug|Any CPU.ActiveCfg = Debug|Any CPU
		{36C4B51C-F8C9-44EB-832E-82E14FA63499}.Debug|Any CPU.Build.0 = Debug|Any CPU
		{36C4B51C-F8C9-44EB-832E-82E14FA63499}.Release|Any CPU.ActiveCfg = Release|Any CPU
		{36C4B51C-F8C9-44EB-832E-82E14FA63499}.Release|Any CPU.Build.0 = Release|Any CPU
		{36C4B51C-F8C9-44EB-832E-82E14FA63499}.Testing|Any CPU.ActiveCfg = Release|Any CPU
		{36C4B51C-F8C9-44EB-832E-82E14FA63499}.Testing|Any CPU.Build.0 = Release|Any CPU
		{0E6DFD1C-426E-4F74-AD5B-D908458B3D7B}.Debug|Any CPU.ActiveCfg = Debug|Any CPU
		{0E6DFD1C-426E-4F74-AD5B-D908458B3D7B}.Release|Any CPU.ActiveCfg = Release|Any CPU
		{0E6DFD1C-426E-4F74-AD5B-D908458B3D7B}.Release|Any CPU.Build.0 = Release|Any CPU
		{0E6DFD1C-426E-4F74-AD5B-D908458B3D7B}.Testing|Any CPU.ActiveCfg = Release|Any CPU
		{E7D6952B-DC82-4D01-BFA6-D6BA4A65CEB2}.Debug|Any CPU.ActiveCfg = Debug|Any CPU
		{E7D6952B-DC82-4D01-BFA6-D6BA4A65CEB2}.Release|Any CPU.ActiveCfg = Release|Any CPU
		{E7D6952B-DC82-4D01-BFA6-D6BA4A65CEB2}.Release|Any CPU.Build.0 = Release|Any CPU
		{E7D6952B-DC82-4D01-BFA6-D6BA4A65CEB2}.Testing|Any CPU.ActiveCfg = Release|Any CPU
		{367AD6BB-75DA-4B31-ADD9-E89F5E02BA45}.Debug|Any CPU.ActiveCfg = Debug|Any CPU
		{367AD6BB-75DA-4B31-ADD9-E89F5E02BA45}.Release|Any CPU.ActiveCfg = Release|Any CPU
		{367AD6BB-75DA-4B31-ADD9-E89F5E02BA45}.Release|Any CPU.Build.0 = Release|Any CPU
		{367AD6BB-75DA-4B31-ADD9-E89F5E02BA45}.Testing|Any CPU.ActiveCfg = Release|Any CPU
		{3C524BBD-42F2-4BF2-A96A-329A8C76F7F9}.Debug|Any CPU.ActiveCfg = Debug|Any CPU
		{3C524BBD-42F2-4BF2-A96A-329A8C76F7F9}.Debug|Any CPU.Build.0 = Debug|Any CPU
		{3C524BBD-42F2-4BF2-A96A-329A8C76F7F9}.Release|Any CPU.ActiveCfg = Release|Any CPU
		{3C524BBD-42F2-4BF2-A96A-329A8C76F7F9}.Release|Any CPU.Build.0 = Release|Any CPU
		{3C524BBD-42F2-4BF2-A96A-329A8C76F7F9}.Testing|Any CPU.ActiveCfg = Release|Any CPU
		{3C524BBD-42F2-4BF2-A96A-329A8C76F7F9}.Testing|Any CPU.Build.0 = Release|Any CPU
		{796B13D9-48B9-4EBA-B274-BBF297AFBD66}.Debug|Any CPU.ActiveCfg = Debug|Any CPU
		{796B13D9-48B9-4EBA-B274-BBF297AFBD66}.Debug|Any CPU.Build.0 = Debug|Any CPU
		{796B13D9-48B9-4EBA-B274-BBF297AFBD66}.Release|Any CPU.ActiveCfg = Release|Any CPU
		{796B13D9-48B9-4EBA-B274-BBF297AFBD66}.Release|Any CPU.Build.0 = Release|Any CPU
		{796B13D9-48B9-4EBA-B274-BBF297AFBD66}.Testing|Any CPU.ActiveCfg = Release|Any CPU
		{796B13D9-48B9-4EBA-B274-BBF297AFBD66}.Testing|Any CPU.Build.0 = Release|Any CPU
		{3EBF45F9-8587-425F-A438-D699488850BB}.Debug|Any CPU.ActiveCfg = Debug|Any CPU
		{3EBF45F9-8587-425F-A438-D699488850BB}.Debug|Any CPU.Build.0 = Debug|Any CPU
		{3EBF45F9-8587-425F-A438-D699488850BB}.Release|Any CPU.ActiveCfg = Release|Any CPU
		{3EBF45F9-8587-425F-A438-D699488850BB}.Release|Any CPU.Build.0 = Release|Any CPU
		{3EBF45F9-8587-425F-A438-D699488850BB}.Testing|Any CPU.ActiveCfg = Release|Any CPU
		{3EBF45F9-8587-425F-A438-D699488850BB}.Testing|Any CPU.Build.0 = Release|Any CPU
		{E169204B-D59F-4CDA-A0A9-CBCEF7F538B3}.Debug|Any CPU.ActiveCfg = Debug|Any CPU
		{E169204B-D59F-4CDA-A0A9-CBCEF7F538B3}.Release|Any CPU.ActiveCfg = Release|Any CPU
		{E169204B-D59F-4CDA-A0A9-CBCEF7F538B3}.Release|Any CPU.Build.0 = Release|Any CPU
		{E169204B-D59F-4CDA-A0A9-CBCEF7F538B3}.Testing|Any CPU.ActiveCfg = Release|Any CPU
		{F2D07F82-9C51-4889-8987-4CEF47490751}.Debug|Any CPU.ActiveCfg = Debug|Any CPU
		{F2D07F82-9C51-4889-8987-4CEF47490751}.Release|Any CPU.ActiveCfg = Release|Any CPU
		{F2D07F82-9C51-4889-8987-4CEF47490751}.Release|Any CPU.Build.0 = Release|Any CPU
		{F2D07F82-9C51-4889-8987-4CEF47490751}.Testing|Any CPU.ActiveCfg = Release|Any CPU
		{05848CF0-F1ED-4806-8A06-62B7AD048BE7}.Debug|Any CPU.ActiveCfg = Debug|Any CPU
		{05848CF0-F1ED-4806-8A06-62B7AD048BE7}.Release|Any CPU.ActiveCfg = Release|Any CPU
		{05848CF0-F1ED-4806-8A06-62B7AD048BE7}.Release|Any CPU.Build.0 = Release|Any CPU
		{05848CF0-F1ED-4806-8A06-62B7AD048BE7}.Testing|Any CPU.ActiveCfg = Release|Any CPU
		{016C8D73-3641-47FB-8D33-7A015A7EC7DB}.Debug|Any CPU.ActiveCfg = Debug|Any CPU
		{016C8D73-3641-47FB-8D33-7A015A7EC7DB}.Release|Any CPU.ActiveCfg = Release|Any CPU
		{016C8D73-3641-47FB-8D33-7A015A7EC7DB}.Release|Any CPU.Build.0 = Release|Any CPU
		{016C8D73-3641-47FB-8D33-7A015A7EC7DB}.Testing|Any CPU.ActiveCfg = Testing|Any CPU
		{F0499708-3EB6-4026-8362-97E6FFC4E7C8}.Debug|Any CPU.ActiveCfg = Debug|Any CPU
		{F0499708-3EB6-4026-8362-97E6FFC4E7C8}.Release|Any CPU.ActiveCfg = Release|Any CPU
		{F0499708-3EB6-4026-8362-97E6FFC4E7C8}.Release|Any CPU.Build.0 = Release|Any CPU
		{F0499708-3EB6-4026-8362-97E6FFC4E7C8}.Testing|Any CPU.ActiveCfg = Release|Any CPU
		{F3B4F98B-CC7D-4E3F-A8B6-FEA8E8C4A078}.Debug|Any CPU.ActiveCfg = Debug|Any CPU
		{F3B4F98B-CC7D-4E3F-A8B6-FEA8E8C4A078}.Release|Any CPU.ActiveCfg = Release|Any CPU
		{F3B4F98B-CC7D-4E3F-A8B6-FEA8E8C4A078}.Release|Any CPU.Build.0 = Release|Any CPU
		{F3B4F98B-CC7D-4E3F-A8B6-FEA8E8C4A078}.Testing|Any CPU.ActiveCfg = Release|Any CPU
		{9FC9E578-64AB-43F0-BCF7-F87D18CADAC0}.Debug|Any CPU.ActiveCfg = Debug|Any CPU
		{9FC9E578-64AB-43F0-BCF7-F87D18CADAC0}.Debug|Any CPU.Build.0 = Debug|Any CPU
		{9FC9E578-64AB-43F0-BCF7-F87D18CADAC0}.Release|Any CPU.ActiveCfg = Release|Any CPU
		{9FC9E578-64AB-43F0-BCF7-F87D18CADAC0}.Release|Any CPU.Build.0 = Release|Any CPU
		{9FC9E578-64AB-43F0-BCF7-F87D18CADAC0}.Testing|Any CPU.ActiveCfg = Release|Any CPU
		{9FC9E578-64AB-43F0-BCF7-F87D18CADAC0}.Testing|Any CPU.Build.0 = Release|Any CPU
		{43EEB420-AB01-42EB-A1A0-69BCA815E5F1}.Debug|Any CPU.ActiveCfg = Debug|Any CPU
		{43EEB420-AB01-42EB-A1A0-69BCA815E5F1}.Debug|Any CPU.Build.0 = Debug|Any CPU
		{43EEB420-AB01-42EB-A1A0-69BCA815E5F1}.Release|Any CPU.ActiveCfg = Release|Any CPU
		{43EEB420-AB01-42EB-A1A0-69BCA815E5F1}.Release|Any CPU.Build.0 = Release|Any CPU
		{43EEB420-AB01-42EB-A1A0-69BCA815E5F1}.Testing|Any CPU.ActiveCfg = Release|Any CPU
		{43EEB420-AB01-42EB-A1A0-69BCA815E5F1}.Testing|Any CPU.Build.0 = Release|Any CPU
		{53EABAB3-883B-4DC2-9C3E-6E6A611CF83C}.Debug|Any CPU.ActiveCfg = Debug|Any CPU
		{53EABAB3-883B-4DC2-9C3E-6E6A611CF83C}.Debug|Any CPU.Build.0 = Debug|Any CPU
		{53EABAB3-883B-4DC2-9C3E-6E6A611CF83C}.Release|Any CPU.ActiveCfg = Release|Any CPU
		{53EABAB3-883B-4DC2-9C3E-6E6A611CF83C}.Release|Any CPU.Build.0 = Release|Any CPU
		{53EABAB3-883B-4DC2-9C3E-6E6A611CF83C}.Testing|Any CPU.ActiveCfg = Release|Any CPU
		{53EABAB3-883B-4DC2-9C3E-6E6A611CF83C}.Testing|Any CPU.Build.0 = Release|Any CPU
	EndGlobalSection
	GlobalSection(SolutionProperties) = preSolution
		HideSolutionNode = FALSE
	EndGlobalSection
	GlobalSection(NestedProjects) = preSolution
		{6441A270-0DF3-42C9-9409-02BC273507DA} = {950B8E62-DD5C-4084-B4C2-42B3BAEBC001}
		{36C4B51C-F8C9-44EB-832E-82E14FA63499} = {950B8E62-DD5C-4084-B4C2-42B3BAEBC001}
		{3C524BBD-42F2-4BF2-A96A-329A8C76F7F9} = {950B8E62-DD5C-4084-B4C2-42B3BAEBC001}
		{796B13D9-48B9-4EBA-B274-BBF297AFBD66} = {950B8E62-DD5C-4084-B4C2-42B3BAEBC001}
		{9FC9E578-64AB-43F0-BCF7-F87D18CADAC0} = {950B8E62-DD5C-4084-B4C2-42B3BAEBC001}
		{E7D6952B-DC82-4D01-BFA6-D6BA4A65CEB2} = {A3FC73DA-C47F-4E97-BBE0-EACE720D3614}
		{0E6DFD1C-426E-4F74-AD5B-D908458B3D7B} = {A3FC73DA-C47F-4E97-BBE0-EACE720D3614}
		{05848CF0-F1ED-4806-8A06-62B7AD048BE7} = {A3FC73DA-C47F-4E97-BBE0-EACE720D3614}
		{016C8D73-3641-47FB-8D33-7A015A7EC7DB} = {A3FC73DA-C47F-4E97-BBE0-EACE720D3614}
		{F0499708-3EB6-4026-8362-97E6FFC4E7C8} = {A3FC73DA-C47F-4E97-BBE0-EACE720D3614}
		{F3B4F98B-CC7D-4E3F-A8B6-FEA8E8C4A078} = {A3FC73DA-C47F-4E97-BBE0-EACE720D3614}
		{367AD6BB-75DA-4B31-ADD9-E89F5E02BA45} = {5E2C45D4-AEA0-42A7-A339-B6EB9773AB30}
		{E169204B-D59F-4CDA-A0A9-CBCEF7F538B3} = {0BD0726F-8852-4ADC-91BE-FC58B091134A}
		{3EBF45F9-8587-425F-A438-D699488850BB} = {0BD0726F-8852-4ADC-91BE-FC58B091134A}
		{43EEB420-AB01-42EB-A1A0-69BCA815E5F1} = {0BD0726F-8852-4ADC-91BE-FC58B091134A}
		{53EABAB3-883B-4DC2-9C3E-6E6A611CF83C} = {0BD0726F-8852-4ADC-91BE-FC58B091134A}
		{F2D07F82-9C51-4889-8987-4CEF47490751} = {24D895E6-E40E-4106-918A-7FB98DE60E3D}
	EndGlobalSection
EndGlobal
